PODS:
  - JKAuthDemoFrameworkPod (0.1.0)

DEPENDENCIES:
  - JKAuthDemoFrameworkPod (from `../`)

EXTERNAL SOURCES:
  JKAuthDemoFrameworkPod:
    :path: "../"

SPEC CHECKSUMS:
  JKAuthDemoFrameworkPod: c3e67d76074b72f63bc47b1d6b831f9be3786534

PODFILE CHECKSUM: 3b5ec62ae2b48fa4fe8619111793e82cd7d7dd6a

COCOAPODS: 1.11.0
